
Microsoft Visual Studio Solution File, Format Version 12.00
# Visual Studio 2012
Project("{FAE04EC0-301F-11D3-BF4B-00C04F79EFBC}") = "XamariniOSDatePicker", "XamariniOSDatePicker\XamariniOSDatePicker.csproj", "{F0445E63-6640-4EFC-909C-3BA5C1C658C2}"
EndProject
Global
	GlobalSection(SolutionConfigurationPlatforms) = preSolution
		Debug|iPhoneSimulator = Debug|iPhoneSimulator
		Release|iPhone = Release|iPhone
		Release|iPhoneSimulator = Release|iPhoneSimulator
		Debug|iPhone = Debug|iPhone
	EndGlobalSection
	GlobalSection(ProjectConfigurationPlatforms) = postSolution
		{F0445E63-6640-4EFC-909C-3BA5C1C658C2}.Debug|iPhoneSimulator.ActiveCfg = Debug|iPhoneSimulator
		{F0445E63-6640-4EFC-909C-3BA5C1C658C2}.Debug|iPhoneSimulator.Build.0 = Debug|iPhoneSimulator
		{F0445E63-6640-4EFC-909C-3BA5C1C658C2}.Release|iPhone.ActiveCfg = Release|iPhone
		{F0445E63-6640-4EFC-909C-3BA5C1C658C2}.Release|iPhone.Build.0 = Release|iPhone
		{F0445E63-6640-4EFC-909C-3BA5C1C658C2}.Release|iPhoneSimulator.ActiveCfg = Release|iPhoneSimulator
		{F0445E63-6640-4EFC-909C-3BA5C1C658C2}.Release|iPhoneSimulator.Build.0 = Release|iPhoneSimulator
		{F0445E63-6640-4EFC-909C-3BA5C1C658C2}.Debug|iPhone.ActiveCfg = Debug|iPhone
		{F0445E63-6640-4EFC-909C-3BA5C1C658C2}.Debug|iPhone.Build.0 = Debug|iPhone
	EndGlobalSection
EndGlobal
